
Microsoft Visual Studio Solution File, Format Version 12.00
# Visual Studio Version 17
VisualStudioVersion = 17.3.32929.385
MinimumVisualStudioVersion = 10.0.40219.1
Project("{FAE04EC0-301F-11D3-BF4B-00C04F79EFBC}") = "Wood-Notes", "Wood-Notes\Wood-Notes.csproj", "{A84CC0B9-18C0-4824-B8F8-5FEEB235A840}"
EndProject
Global
	GlobalSection(SolutionConfigurationPlatforms) = preSolution
		Debug|Any CPU = Debug|Any CPU
		Release|Any CPU = Release|Any CPU
	EndGlobalSection
	GlobalSection(ProjectConfigurationPlatforms) = postSolution
		{A84CC0B9-18C0-4824-B8F8-5FEEB235A840}.Debug|Any CPU.ActiveCfg = Debug|Any CPU
		{A84CC0B9-18C0-4824-B8F8-5FEEB235A840}.Debug|Any CPU.Build.0 = Debug|Any CPU
		{A84CC0B9-18C0-4824-B8F8-5FEEB235A840}.Release|Any CPU.ActiveCfg = Release|Any CPU
		{A84CC0B9-18C0-4824-B8F8-5FEEB235A840}.Release|Any CPU.Build.0 = Release|Any CPU
	EndGlobalSection
	GlobalSection(SolutionProperties) = preSolution
		HideSolutionNode = FALSE
	EndGlobalSection
	GlobalSection(ExtensibilityGlobals) = postSolution
		SolutionGuid = {AF6D5C08-9B88-4612-998F-8BCF2FB86B8D}
	EndGlobalSection
EndGlobal
